<?xml version="1.0" encoding="utf-8"?>
<Project ToolsVersion="4.0" xmlns="http://schemas.microsoft.com/developer/msbuild/2003">
  <ItemGroup>
    <Filter Include="源文件">
      <UniqueIdentifier>{4FC737F1-C7A5-4376-A066-2A32D752A2FF}</UniqueIdentifier>
      <Extensions>cpp;c;cc;cxx;c++;cppm;ixx;def;odl;idl;hpj;bat;asm;asmx</Extensions>
    </Filter>
    <Filter Include="头文件">
      <UniqueIdentifier>{93995380-89BD-4b04-88EB-625FBE52EBFB}</UniqueIdentifier>
      <Extensions>h;hh;hpp;hxx;h++;hm;inl;inc;ipp;xsd</Extensions>
    </Filter>
    <Filter Include="资源文件">
      <UniqueIdentifier>{67DA6AB6-F800-4c08-8B7A-83BB121AAD01}</UniqueIdentifier>
      <Extensions>rc;ico;cur;bmp;dlg;rc2;rct;bin;rgs;gif;jpg;jpeg;jpe;resx;tiff;tif;png;wav;mfcribbon-ms</Extensions>
    </Filter>
    <Filter Include="module">
      <UniqueIdentifier>{6554ca96-0e8d-415b-822c-ece389e19a3e}</UniqueIdentifier>
    </Filter>
    <Filter Include="manager">
      <UniqueIdentifier>{869e7d04-65cb-496e-81c2-23d55a746314}</UniqueIdentifier>
    </Filter>
    <Filter Include="minhook">
      <UniqueIdentifier>{3dc96f69-13ae-4da4-a39d-70886a855459}</UniqueIdentifier>
    </Filter>
    <Filter Include="GameOffset">
      <UniqueIdentifier>{c72d6990-3c3c-4478-95c1-ef498448ba02}</UniqueIdentifier>
    </Filter>
    <Filter Include="manager\zombieManager">
      <UniqueIdentifier>{4e2f6be0-6d48-4ee1-90ec-3de56220c03a}</UniqueIdentifier>
    </Filter>
    <Filter Include="manager\baseManager">
      <UniqueIdentifier>{e661fdea-6f85-498a-ab7d-61b5c65454ae}</UniqueIdentifier>
    </Filter>
    <Filter Include="manager\plantManager">
      <UniqueIdentifier>{6bf6876a-0fa2-4399-ad3a-bff50d4d98b7}</UniqueIdentifier>
    </Filter>
    <Filter Include="manager\systemManager">
      <UniqueIdentifier>{bc03344e-29ba-4a8a-b3ed-1be71150e479}</UniqueIdentifier>
    </Filter>
  </ItemGroup>
  <ItemGroup>
    <ClCompile Include="MFC_PVZ_Version.cpp">
      <Filter>源文件</Filter>
    </ClCompile>
    <ClCompile Include="pch.cpp">
      <Filter>源文件</Filter>
    </ClCompile>
    <ClCompile Include="Plants.cpp">
      <Filter>源文件</Filter>
    </ClCompile>
    <ClCompile Include="module\readwrite\memory.cpp">
      <Filter>module</Filter>
    </ClCompile>
    <ClCompile Include="module\manage\pvzManager.cpp">
      <Filter>manager</Filter>
    </ClCompile>
    <ClCompile Include="GameOffset\GameOffset.cpp">
      <Filter>GameOffset</Filter>
    </ClCompile>
    <ClCompile Include="module\manage\BaseManager\baseManager.cpp">
      <Filter>manager\baseManager</Filter>
    </ClCompile>
    <ClCompile Include="module\manage\SystemManager\systemManager.cpp">
      <Filter>manager\systemManager</Filter>
    </ClCompile>
    <ClCompile Include="module\manage\PlantManager\plantManager.cpp">
      <Filter>manager\plantManager</Filter>
    </ClCompile>
    <ClCompile Include="module\manage\ZombieManager\zombieManager.cpp">
      <Filter>manager\zombieManager</Filter>
    </ClCompile>
  </ItemGroup>
  <ItemGroup>
    <None Include="MFC_PVZ_Version.def">
      <Filter>源文件</Filter>
    </None>
    <None Include="res\MFC_PVZ_Version.rc2">
      <Filter>资源文件</Filter>
    </None>
  </ItemGroup>
  <ItemGroup>
    <ClInclude Include="framework.h">
      <Filter>头文件</Filter>
    </ClInclude>
    <ClInclude Include="targetver.h">
      <Filter>头文件</Filter>
    </ClInclude>
    <ClInclude Include="Resource.h">
      <Filter>头文件</Filter>
    </ClInclude>
    <ClInclude Include="MFC_PVZ_Version.h">
      <Filter>头文件</Filter>
    </ClInclude>
    <ClInclude Include="pch.h">
      <Filter>头文件</Filter>
    </ClInclude>
    <ClInclude Include="Plants.h">
      <Filter>头文件</Filter>
    </ClInclude>
    <ClInclude Include="module\readwrite\memory.h">
      <Filter>module</Filter>
    </ClInclude>
    <ClInclude Include="Global.h">
      <Filter>头文件</Filter>
    </ClInclude>
    <ClInclude Include="module\manage\pvzManager.h">
      <Filter>manager</Filter>
    </ClInclude>
    <ClInclude Include="minhook\include\MinHook.h">
      <Filter>minhook</Filter>
    </ClInclude>
    <ClInclude Include="GameOffset\GameOffset.h">
      <Filter>GameOffset</Filter>
    </ClInclude>
    <ClInclude Include="module\manage\BaseManager\baseManager.h">
      <Filter>manager\baseManager</Filter>
    </ClInclude>
    <ClInclude Include="module\manage\SystemManager\systemManager.h">
      <Filter>manager\systemManager</Filter>
    </ClInclude>
    <ClInclude Include="module\manage\PlantManager\plantManager.h">
      <Filter>manager\plantManager</Filter>
    </ClInclude>
    <ClInclude Include="module\manage\ZombieManager\zombieManager.h">
      <Filter>manager\zombieManager</Filter>
    </ClInclude>
  </ItemGroup>
  <ItemGroup>
    <ResourceCompile Include="MFC_PVZ_Version.rc">
      <Filter>资源文件</Filter>
    </ResourceCompile>
  </ItemGroup>
  <ItemGroup>
    <Library Include="minhook\lib\libMinHook.x64.lib">
      <Filter>minhook</Filter>
    </Library>
    <Library Include="minhook\lib\libMinHook.x86.lib">
      <Filter>minhook</Filter>
    </Library>
  </ItemGroup>
</Project>